{
  "name": "samHUE",
  "version": "1.0.0",
  "lockfileVersion": 2,
  "requires": true,
  "packages": {
    "": {
      "version": "1.0.0",
      "dependencies": {
        "@jaames/iro": "^5.5.1"
      }
    },
    "node_modules/@irojs/iro-core": {
      "version": "1.2.0",
      "resolved": "https://registry.npmjs.org/@irojs/iro-core/-/iro-core-1.2.0.tgz",
      "integrity": "sha512-RVxd4lEx3KPXRBYo7urLSr9C3PJsm3t9AgPQppP5LDqQcMrXCXcZoeneMtQndMk60k72NziNiPpbZlZIvcT4VQ=="
    },
    "node_modules/@jaames/iro": {
      "version": "5.5.1",
      "resolved": "https://registry.npmjs.org/@jaames/iro/-/iro-5.5.1.tgz",
      "integrity": "sha512-HR2phfXjEINFKXxEdbGqp9/MfHfQ/xP+nLi2gjNV4RHB3tBOgHMpS1WFMU7fp1vl//vWXxKxVKa91D+5JoFgMA==",
      "dependencies": {
        "@irojs/iro-core": "^1.2.0",
        "preact": "^10.0.0"
      }
    },
    "node_modules/preact": {
      "version": "10.5.13",
      "resolved": "https://registry.npmjs.org/preact/-/preact-10.5.13.tgz",
      "integrity": "sha512-q/vlKIGNwzTLu+jCcvywgGrt+H/1P/oIRSD6mV4ln3hmlC+Aa34C7yfPI4+5bzW8pONyVXYS7SvXosy2dKKtWQ==",
      "funding": {
        "type": "opencollective",
        "url": "https://opencollective.com/preact"
      }
    }
  },
  "dependencies": {
    "@irojs/iro-core": {
      "version": "1.2.0",
      "resolved": "https://registry.npmjs.org/@irojs/iro-core/-/iro-core-1.2.0.tgz",
      "integrity": "sha512-RVxd4lEx3KPXRBYo7urLSr9C3PJsm3t9AgPQppP5LDqQcMrXCXcZoeneMtQndMk60k72NziNiPpbZlZIvcT4VQ=="
    },
    "@jaames/iro": {
      "version": "5.5.1",
      "resolved": "https://registry.npmjs.org/@jaames/iro/-/iro-5.5.1.tgz",
      "integrity": "sha512-HR2phfXjEINFKXxEdbGqp9/MfHfQ/xP+nLi2gjNV4RHB3tBOgHMpS1WFMU7fp1vl//vWXxKxVKa91D+5JoFgMA==",
      "requires": {
        "@irojs/iro-core": "^1.2.0",
        "preact": "^10.0.0"
      }
    },
    "preact": {
      "version": "10.5.13",
      "resolved": "https://registry.npmjs.org/preact/-/preact-10.5.13.tgz",
      "integrity": "sha512-q/vlKIGNwzTLu+jCcvywgGrt+H/1P/oIRSD6mV4ln3hmlC+Aa34C7yfPI4+5bzW8pONyVXYS7SvXosy2dKKtWQ=="
    }
  }
}
